Microsoft Visual Studio Solution File, Format Version 12.00
# Visual Studio Version 17
VisualStudioVersion = 17.5.2.0
MinimumVisualStudioVersion = 10.0.40219.1
Project("{FAE04EC0-301F-11D3-BF4B-00C04F79EFBC}") = "Codescene.E2E.Playwright.Tests", "Codescene.E2E.Playwright.Tests.csproj", "{A939F64B-D70B-D390-265D-8771B4A7C0E5}"
EndProject
Global
	GlobalSection(SolutionConfigurationPlatforms) = preSolution
		Debug|Any CPU = Debug|Any CPU
		Release|Any CPU = Release|Any CPU
	EndGlobalSection
	GlobalSection(ProjectConfigurationPlatforms) = postSolution
		{A939F64B-D70B-D390-265D-8771B4A7C0E5}.Debug|Any CPU.ActiveCfg = Debug|Any CPU
		{A939F64B-D70B-D390-265D-8771B4A7C0E5}.Debug|Any CPU.Build.0 = Debug|Any CPU
		{A939F64B-D70B-D390-265D-8771B4A7C0E5}.Release|Any CPU.ActiveCfg = Release|Any CPU
		{A939F64B-D70B-D390-265D-8771B4A7C0E5}.Release|Any CPU.Build.0 = Release|Any CPU
	EndGlobalSection
	GlobalSection(SolutionProperties) = preSolution
		HideSolutionNode = FALSE
	EndGlobalSection
	GlobalSection(ExtensibilityGlobals) = postSolution
		SolutionGuid = {FE53D643-F181-41BB-97DB-B29210E5934C}
	EndGlobalSection
EndGlobal
